
Microsoft Visual Studio Solution File, Format Version 12.00
# Visual Studio 15
VisualStudioVersion = 15.0.28307.1209
MinimumVisualStudioVersion = 10.0.40219.1
Project("{FAE04EC0-301F-11D3-BF4B-00C04F79EFBC}") = "LearnOpenTK_1", "LearnOpenTK_1\LearnOpenTK_1.csproj", "{9C807EBC-3609-476C-85F6-6D9E4714D024}"
EndProject
Global
	GlobalSection(SolutionConfigurationPlatforms) = preSolution
		Debug|Any CPU = Debug|Any CPU
		Release|Any CPU = Release|Any CPU
	EndGlobalSection
	GlobalSection(ProjectConfigurationPlatforms) = postSolution
		{9C807EBC-3609-476C-85F6-6D9E4714D024}.Debug|Any CPU.ActiveCfg = Debug|Any CPU
		{9C807EBC-3609-476C-85F6-6D9E4714D024}.Debug|Any CPU.Build.0 = Debug|Any CPU
		{9C807EBC-3609-476C-85F6-6D9E4714D024}.Release|Any CPU.ActiveCfg = Release|Any CPU
		{9C807EBC-3609-476C-85F6-6D9E4714D024}.Release|Any CPU.Build.0 = Release|Any CPU
	EndGlobalSection
	GlobalSection(SolutionProperties) = preSolution
		HideSolutionNode = FALSE
	EndGlobalSection
	GlobalSection(ExtensibilityGlobals) = postSolution
		SolutionGuid = {1A777820-F55A-4515-8979-2D386ECB57B6}
	EndGlobalSection
EndGlobal
